
Microsoft Visual Studio Solution File, Format Version 12.00
# Visual Studio Version 17
VisualStudioVersion = 17.3.32901.215
MinimumVisualStudioVersion = 10.0.40219.1
Project("{FAE04EC0-301F-11D3-BF4B-00C04F79EFBC}") = "QualityInsights", "QualityInsights.csproj", "{838A05DD-9BA8-44DA-B087-9680E94B1063}"
EndProject
Global
	GlobalSection(SolutionConfigurationPlatforms) = preSolution
		Debug|Any CPU = Debug|Any CPU
		Release|Any CPU = Release|Any CPU
	EndGlobalSection
	GlobalSection(ProjectConfigurationPlatforms) = postSolution
		{838A05DD-9BA8-44DA-B087-9680E94B1063}.Debug|Any CPU.ActiveCfg = Debug|Any CPU
		{838A05DD-9BA8-44DA-B087-9680E94B1063}.Debug|Any CPU.Build.0 = Debug|Any CPU
		{838A05DD-9BA8-44DA-B087-9680E94B1063}.Release|Any CPU.ActiveCfg = Release|Any CPU
		{838A05DD-9BA8-44DA-B087-9680E94B1063}.Release|Any CPU.Build.0 = Release|Any CPU
	EndGlobalSection
	GlobalSection(SolutionProperties) = preSolution
		HideSolutionNode = FALSE
	EndGlobalSection
	GlobalSection(ExtensibilityGlobals) = postSolution
		SolutionGuid = {6C2D1BFC-BB5E-4259-A141-77BF8309B756}
	EndGlobalSection
EndGlobal
